
Microsoft Visual Studio Solution File, Format Version 12.00
# Visual Studio Version 17
VisualStudioVersion = 17.9.34622.214
MinimumVisualStudioVersion = 10.0.40219.1
Project("{FAE04EC0-301F-11D3-BF4B-00C04F79EFBC}") = "GitTest", "GitTest\GitTest.csproj", "{23F2D3A6-B5C5-4134-A136-F6CD7C72ECAB}"
EndProject
Global
	GlobalSection(SolutionConfigurationPlatforms) = preSolution
		Debug|Any CPU = Debug|Any CPU
		Release|Any CPU = Release|Any CPU
	EndGlobalSection
	GlobalSection(ProjectConfigurationPlatforms) = postSolution
		{23F2D3A6-B5C5-4134-A136-F6CD7C72ECAB}.Debug|Any CPU.ActiveCfg = Debug|Any CPU
		{23F2D3A6-B5C5-4134-A136-F6CD7C72ECAB}.Debug|Any CPU.Build.0 = Debug|Any CPU
		{23F2D3A6-B5C5-4134-A136-F6CD7C72ECAB}.Release|Any CPU.ActiveCfg = Release|Any CPU
		{23F2D3A6-B5C5-4134-A136-F6CD7C72ECAB}.Release|Any CPU.Build.0 = Release|Any CPU
	EndGlobalSection
	GlobalSection(SolutionProperties) = preSolution
		HideSolutionNode = FALSE
	EndGlobalSection
	GlobalSection(ExtensibilityGlobals) = postSolution
		SolutionGuid = {7319DEB1-FBA9-4D9B-A1C2-78D46D54B4AF}
	EndGlobalSection
EndGlobal
